<Solution>
  <Configurations>
    <Platform Name="x64" />
    <Platform Name="x86" />
  </Configurations>
  <Project Path="l0001/l0001.vcxproj" Id="72e59044-0adc-44c3-93b7-647ca270b296" />
  <Project Path="l0004/l0004.vcxproj" Id="c2133358-27ee-41bc-a4bb-7d9a5145bdb8" />
  <Project Path="l0007/l0007.vcxproj" Id="7333e6c9-29c1-412b-b4df-a1cc82ed5644" />
  <Project Path="l0009/l0009.vcxproj" Id="666c2a41-6575-431c-a7de-16b54dd57ad2" />
</Solution>
